
Microsoft Visual Studio Solution File, Format Version 12.00
# Visual Studio Version 17
VisualStudioVersion = 17.5.002.0
MinimumVisualStudioVersion = 10.0.40219.1
Project("{9A19103F-16F7-4668-BE54-9A1E7A4F7556}") = "lab1", "lab1\lab1.csproj", "{F2B40EE3-A089-47CC-8D90-48BB5E611A6C}"
EndProject
Global
	GlobalSection(SolutionConfigurationPlatforms) = preSolution
		Debug|Any CPU = Debug|Any CPU
		Release|Any CPU = Release|Any CPU
	EndGlobalSection
	GlobalSection(ProjectConfigurationPlatforms) = postSolution
		{F2B40EE3-A089-47CC-8D90-48BB5E611A6C}.Debug|Any CPU.ActiveCfg = Debug|Any CPU
		{F2B40EE3-A089-47CC-8D90-48BB5E611A6C}.Debug|Any CPU.Build.0 = Debug|Any CPU
		{F2B40EE3-A089-47CC-8D90-48BB5E611A6C}.Release|Any CPU.ActiveCfg = Release|Any CPU
		{F2B40EE3-A089-47CC-8D90-48BB5E611A6C}.Release|Any CPU.Build.0 = Release|Any CPU
	EndGlobalSection
	GlobalSection(SolutionProperties) = preSolution
		HideSolutionNode = FALSE
	EndGlobalSection
	GlobalSection(ExtensibilityGlobals) = postSolution
		SolutionGuid = {34023A10-37D1-4800-BC3B-FCBE8D6C35A2}
	EndGlobalSection
EndGlobal
